
Microsoft Visual Studio Solution File, Format Version 12.00
# Visual Studio Version 17
VisualStudioVersion = 17.8.34408.163
MinimumVisualStudioVersion = 10.0.40219.1
Project("{FAE04EC0-301F-11D3-BF4B-00C04F79EFBC}") = "WeatherMonitoringApp", "WeatherMonitoringApp.csproj", "{9D3295DE-56D1-40ED-A12E-CECFD88B0BD2}"
EndProject
Global
	GlobalSection(SolutionConfigurationPlatforms) = preSolution
		Debug|Any CPU = Debug|Any CPU
		Release|Any CPU = Release|Any CPU
	EndGlobalSection
	GlobalSection(ProjectConfigurationPlatforms) = postSolution
		{9D3295DE-56D1-40ED-A12E-CECFD88B0BD2}.Debug|Any CPU.ActiveCfg = Debug|Any CPU
		{9D3295DE-56D1-40ED-A12E-CECFD88B0BD2}.Debug|Any CPU.Build.0 = Debug|Any CPU
		{9D3295DE-56D1-40ED-A12E-CECFD88B0BD2}.Release|Any CPU.ActiveCfg = Release|Any CPU
		{9D3295DE-56D1-40ED-A12E-CECFD88B0BD2}.Release|Any CPU.Build.0 = Release|Any CPU
	EndGlobalSection
	GlobalSection(SolutionProperties) = preSolution
		HideSolutionNode = FALSE
	EndGlobalSection
	GlobalSection(ExtensibilityGlobals) = postSolution
		SolutionGuid = {D648E7A5-DCD6-44EB-B8F3-5C884DD72970}
	EndGlobalSection
EndGlobal
